
Microsoft Visual Studio Solution File, Format Version 12.00
# Visual Studio Version 17
VisualStudioVersion = 17.0.31903.59
MinimumVisualStudioVersion = 10.0.40219.1
Project("{FAE04EC0-301F-11D3-BF4B-00C04F79EFBC}") = "SFCoreProTM.Domain", "SFCoreProTM.Domain\SFCoreProTM.Domain.csproj", "{C14F6CFF-70D8-49B0-B7BC-33C5958AC028}"
EndProject
Project("{FAE04EC0-301F-11D3-BF4B-00C04F79EFBC}") = "SFCoreProTM.Shared", "SFCoreProTM.Shared\SFCoreProTM.Shared.csproj", "{330B1D01-3F37-4186-A3FF-CB3F7C6BE43D}"
EndProject
Project("{FAE04EC0-301F-11D3-BF4B-00C04F79EFBC}") = "SFCoreProTM.Persistence", "SFCoreProTM.Persistence\SFCoreProTM.Persistence.csproj", "{4CE684D6-D72B-4E48-A5C7-72DBA813CD0C}"
EndProject
Project("{FAE04EC0-301F-11D3-BF4B-00C04F79EFBC}") = "SFCoreProTM.Application", "SFCoreProTM.Application\SFCoreProTM.Application.csproj", "{EB3A7947-579B-4C75-8070-FC36988C2A9D}"
EndProject
Project("{FAE04EC0-301F-11D3-BF4B-00C04F79EFBC}") = "SFCoreProTM.Presentation", "SFCoreProTM.Presentation\SFCoreProTM.Presentation.csproj", "{9B362E2B-1E0B-47F1-A0A1-3F651CDC92EE}"
EndProject
Project("{FAE04EC0-301F-11D3-BF4B-00C04F79EFBC}") = "SFCoreProTM.Architecture.Rules", "SFCoreProTM.Architecture.Rules\SFCoreProTM.Architecture.Rules.csproj", "{296F0D40-ECE6-4246-B8B2-6867CC641D74}"
EndProject
Global
	GlobalSection(SolutionConfigurationPlatforms) = preSolution
		Debug|Any CPU = Debug|Any CPU
		Debug|x64 = Debug|x64
		Debug|x86 = Debug|x86
		Release|Any CPU = Release|Any CPU
		Release|x64 = Release|x64
		Release|x86 = Release|x86
	EndGlobalSection
	GlobalSection(ProjectConfigurationPlatforms) = postSolution
		{C14F6CFF-70D8-49B0-B7BC-33C5958AC028}.Debug|Any CPU.ActiveCfg = Debug|Any CPU
		{C14F6CFF-70D8-49B0-B7BC-33C5958AC028}.Debug|Any CPU.Build.0 = Debug|Any CPU
		{C14F6CFF-70D8-49B0-B7BC-33C5958AC028}.Debug|x64.ActiveCfg = Debug|Any CPU
		{C14F6CFF-70D8-49B0-B7BC-33C5958AC028}.Debug|x64.Build.0 = Debug|Any CPU
		{C14F6CFF-70D8-49B0-B7BC-33C5958AC028}.Debug|x86.ActiveCfg = Debug|Any CPU
		{C14F6CFF-70D8-49B0-B7BC-33C5958AC028}.Debug|x86.Build.0 = Debug|Any CPU
		{C14F6CFF-70D8-49B0-B7BC-33C5958AC028}.Release|Any CPU.ActiveCfg = Release|Any CPU
		{C14F6CFF-70D8-49B0-B7BC-33C5958AC028}.Release|Any CPU.Build.0 = Release|Any CPU
		{C14F6CFF-70D8-49B0-B7BC-33C5958AC028}.Release|x64.ActiveCfg = Release|Any CPU
		{C14F6CFF-70D8-49B0-B7BC-33C5958AC028}.Release|x64.Build.0 = Release|Any CPU
		{C14F6CFF-70D8-49B0-B7BC-33C5958AC028}.Release|x86.ActiveCfg = Release|Any CPU
		{C14F6CFF-70D8-49B0-B7BC-33C5958AC028}.Release|x86.Build.0 = Release|Any CPU
		{330B1D01-3F37-4186-A3FF-CB3F7C6BE43D}.Debug|Any CPU.ActiveCfg = Debug|Any CPU
		{330B1D01-3F37-4186-A3FF-CB3F7C6BE43D}.Debug|Any CPU.Build.0 = Debug|Any CPU
		{330B1D01-3F37-4186-A3FF-CB3F7C6BE43D}.Debug|x64.ActiveCfg = Debug|Any CPU
		{330B1D01-3F37-4186-A3FF-CB3F7C6BE43D}.Debug|x64.Build.0 = Debug|Any CPU
		{330B1D01-3F37-4186-A3FF-CB3F7C6BE43D}.Debug|x86.ActiveCfg = Debug|Any CPU
		{330B1D01-3F37-4186-A3FF-CB3F7C6BE43D}.Debug|x86.Build.0 = Debug|Any CPU
		{330B1D01-3F37-4186-A3FF-CB3F7C6BE43D}.Release|Any CPU.ActiveCfg = Release|Any CPU
		{330B1D01-3F37-4186-A3FF-CB3F7C6BE43D}.Release|Any CPU.Build.0 = Release|Any CPU
		{330B1D01-3F37-4186-A3FF-CB3F7C6BE43D}.Release|x64.ActiveCfg = Release|Any CPU
		{330B1D01-3F37-4186-A3FF-CB3F7C6BE43D}.Release|x64.Build.0 = Release|Any CPU
		{330B1D01-3F37-4186-A3FF-CB3F7C6BE43D}.Release|x86.ActiveCfg = Release|Any CPU
		{330B1D01-3F37-4186-A3FF-CB3F7C6BE43D}.Release|x86.Build.0 = Release|Any CPU
		{4CE684D6-D72B-4E48-A5C7-72DBA813CD0C}.Debug|Any CPU.ActiveCfg = Debug|Any CPU
		{4CE684D6-D72B-4E48-A5C7-72DBA813CD0C}.Debug|Any CPU.Build.0 = Debug|Any CPU
		{4CE684D6-D72B-4E48-A5C7-72DBA813CD0C}.Debug|x64.ActiveCfg = Debug|Any CPU
		{4CE684D6-D72B-4E48-A5C7-72DBA813CD0C}.Debug|x64.Build.0 = Debug|Any CPU
		{4CE684D6-D72B-4E48-A5C7-72DBA813CD0C}.Debug|x86.ActiveCfg = Debug|Any CPU
		{4CE684D6-D72B-4E48-A5C7-72DBA813CD0C}.Debug|x86.Build.0 = Debug|Any CPU
		{4CE684D6-D72B-4E48-A5C7-72DBA813CD0C}.Release|Any CPU.ActiveCfg = Release|Any CPU
		{4CE684D6-D72B-4E48-A5C7-72DBA813CD0C}.Release|Any CPU.Build.0 = Release|Any CPU
		{4CE684D6-D72B-4E48-A5C7-72DBA813CD0C}.Release|x64.ActiveCfg = Release|Any CPU
		{4CE684D6-D72B-4E48-A5C7-72DBA813CD0C}.Release|x64.Build.0 = Release|Any CPU
		{4CE684D6-D72B-4E48-A5C7-72DBA813CD0C}.Release|x86.ActiveCfg = Release|Any CPU
		{4CE684D6-D72B-4E48-A5C7-72DBA813CD0C}.Release|x86.Build.0 = Release|Any CPU
		{EB3A7947-579B-4C75-8070-FC36988C2A9D}.Debug|Any CPU.ActiveCfg = Debug|Any CPU
		{EB3A7947-579B-4C75-8070-FC36988C2A9D}.Debug|Any CPU.Build.0 = Debug|Any CPU
		{EB3A7947-579B-4C75-8070-FC36988C2A9D}.Debug|x64.ActiveCfg = Debug|Any CPU
		{EB3A7947-579B-4C75-8070-FC36988C2A9D}.Debug|x64.Build.0 = Debug|Any CPU
		{EB3A7947-579B-4C75-8070-FC36988C2A9D}.Debug|x86.ActiveCfg = Debug|Any CPU
		{EB3A7947-579B-4C75-8070-FC36988C2A9D}.Debug|x86.Build.0 = Debug|Any CPU
		{EB3A7947-579B-4C75-8070-FC36988C2A9D}.Release|Any CPU.ActiveCfg = Release|Any CPU
		{EB3A7947-579B-4C75-8070-FC36988C2A9D}.Release|Any CPU.Build.0 = Release|Any CPU
		{EB3A7947-579B-4C75-8070-FC36988C2A9D}.Release|x64.ActiveCfg = Release|Any CPU
		{EB3A7947-579B-4C75-8070-FC36988C2A9D}.Release|x64.Build.0 = Release|Any CPU
		{EB3A7947-579B-4C75-8070-FC36988C2A9D}.Release|x86.ActiveCfg = Release|Any CPU
		{EB3A7947-579B-4C75-8070-FC36988C2A9D}.Release|x86.Build.0 = Release|Any CPU
		{9B362E2B-1E0B-47F1-A0A1-3F651CDC92EE}.Debug|Any CPU.ActiveCfg = Debug|Any CPU
		{9B362E2B-1E0B-47F1-A0A1-3F651CDC92EE}.Debug|Any CPU.Build.0 = Debug|Any CPU
		{9B362E2B-1E0B-47F1-A0A1-3F651CDC92EE}.Debug|x64.ActiveCfg = Debug|Any CPU
		{9B362E2B-1E0B-47F1-A0A1-3F651CDC92EE}.Debug|x64.Build.0 = Debug|Any CPU
		{9B362E2B-1E0B-47F1-A0A1-3F651CDC92EE}.Debug|x86.ActiveCfg = Debug|Any CPU
		{9B362E2B-1E0B-47F1-A0A1-3F651CDC92EE}.Debug|x86.Build.0 = Debug|Any CPU
		{9B362E2B-1E0B-47F1-A0A1-3F651CDC92EE}.Release|Any CPU.ActiveCfg = Release|Any CPU
		{9B362E2B-1E0B-47F1-A0A1-3F651CDC92EE}.Release|Any CPU.Build.0 = Release|Any CPU
		{9B362E2B-1E0B-47F1-A0A1-3F651CDC92EE}.Release|x64.ActiveCfg = Release|Any CPU
		{9B362E2B-1E0B-47F1-A0A1-3F651CDC92EE}.Release|x64.Build.0 = Release|Any CPU
		{9B362E2B-1E0B-47F1-A0A1-3F651CDC92EE}.Release|x86.ActiveCfg = Release|Any CPU
		{9B362E2B-1E0B-47F1-A0A1-3F651CDC92EE}.Release|x86.Build.0 = Release|Any CPU
		{296F0D40-ECE6-4246-B8B2-6867CC641D74}.Debug|Any CPU.ActiveCfg = Debug|Any CPU
		{296F0D40-ECE6-4246-B8B2-6867CC641D74}.Debug|Any CPU.Build.0 = Debug|Any CPU
		{296F0D40-ECE6-4246-B8B2-6867CC641D74}.Debug|x64.ActiveCfg = Debug|Any CPU
		{296F0D40-ECE6-4246-B8B2-6867CC641D74}.Debug|x64.Build.0 = Debug|Any CPU
		{296F0D40-ECE6-4246-B8B2-6867CC641D74}.Debug|x86.ActiveCfg = Debug|Any CPU
		{296F0D40-ECE6-4246-B8B2-6867CC641D74}.Debug|x86.Build.0 = Debug|Any CPU
		{296F0D40-ECE6-4246-B8B2-6867CC641D74}.Release|Any CPU.ActiveCfg = Release|Any CPU
		{296F0D40-ECE6-4246-B8B2-6867CC641D74}.Release|Any CPU.Build.0 = Release|Any CPU
		{296F0D40-ECE6-4246-B8B2-6867CC641D74}.Release|x64.ActiveCfg = Release|Any CPU
		{296F0D40-ECE6-4246-B8B2-6867CC641D74}.Release|x64.Build.0 = Release|Any CPU
		{296F0D40-ECE6-4246-B8B2-6867CC641D74}.Release|x86.ActiveCfg = Release|Any CPU
		{296F0D40-ECE6-4246-B8B2-6867CC641D74}.Release|x86.Build.0 = Release|Any CPU
	EndGlobalSection
	GlobalSection(SolutionProperties) = preSolution
		HideSolutionNode = FALSE
	EndGlobalSection
EndGlobal
